
Microsoft Visual Studio Solution File, Format Version 12.00
# Visual Studio Version 17
VisualStudioVersion = 17.0.31903.59
MinimumVisualStudioVersion = 10.0.40219.1
Project("{9A19103F-16F7-4668-BE54-9A1E7A4F7556}") = "MyWeatherHub", "MyWeatherHub\MyWeatherHub.csproj", "{B1788528-8C43-4239-A42E-FA4491800AE2}"
EndProject
Project("{9A19103F-16F7-4668-BE54-9A1E7A4F7556}") = "Api", "Api\Api.csproj", "{170DC774-255B-4A7E-835F-B4686A5A21AE}"
EndProject
Project("{FAE04EC0-301F-11D3-BF4B-00C04F79EFBC}") = "ServiceDefaults", "ServiceDefaults\ServiceDefaults.csproj", "{87663446-F2A4-40BE-AEF5-2489FDE831EF}"
EndProject
Project("{FAE04EC0-301F-11D3-BF4B-00C04F79EFBC}") = "AppHost", "AppHost\AppHost.csproj", "{9F7F61A3-009D-42A9-84A6-2E58D6D71BC2}"
EndProject
Project("{FAE04EC0-301F-11D3-BF4B-00C04F79EFBC}") = "MyAppConstants", "MyAppConstants\MyAppConstants.csproj", "{C8B9A2F0-5064-461F-9713-6119786C0A95}"
EndProject
Global
	GlobalSection(SolutionConfigurationPlatforms) = preSolution
		Debug|Any CPU = Debug|Any CPU
		Release|Any CPU = Release|Any CPU
	EndGlobalSection
	GlobalSection(ProjectConfigurationPlatforms) = postSolution
		{B1788528-8C43-4239-A42E-FA4491800AE2}.Debug|Any CPU.ActiveCfg = Debug|Any CPU
		{B1788528-8C43-4239-A42E-FA4491800AE2}.Debug|Any CPU.Build.0 = Debug|Any CPU
		{B1788528-8C43-4239-A42E-FA4491800AE2}.Release|Any CPU.ActiveCfg = Release|Any CPU
		{B1788528-8C43-4239-A42E-FA4491800AE2}.Release|Any CPU.Build.0 = Release|Any CPU
		{170DC774-255B-4A7E-835F-B4686A5A21AE}.Debug|Any CPU.ActiveCfg = Debug|Any CPU
		{170DC774-255B-4A7E-835F-B4686A5A21AE}.Debug|Any CPU.Build.0 = Debug|Any CPU
		{170DC774-255B-4A7E-835F-B4686A5A21AE}.Release|Any CPU.ActiveCfg = Release|Any CPU
		{170DC774-255B-4A7E-835F-B4686A5A21AE}.Release|Any CPU.Build.0 = Release|Any CPU
		{87663446-F2A4-40BE-AEF5-2489FDE831EF}.Debug|Any CPU.ActiveCfg = Debug|Any CPU
		{87663446-F2A4-40BE-AEF5-2489FDE831EF}.Debug|Any CPU.Build.0 = Debug|Any CPU
		{87663446-F2A4-40BE-AEF5-2489FDE831EF}.Release|Any CPU.ActiveCfg = Release|Any CPU
		{87663446-F2A4-40BE-AEF5-2489FDE831EF}.Release|Any CPU.Build.0 = Release|Any CPU
		{9F7F61A3-009D-42A9-84A6-2E58D6D71BC2}.Debug|Any CPU.ActiveCfg = Debug|Any CPU
		{9F7F61A3-009D-42A9-84A6-2E58D6D71BC2}.Debug|Any CPU.Build.0 = Debug|Any CPU
		{9F7F61A3-009D-42A9-84A6-2E58D6D71BC2}.Release|Any CPU.ActiveCfg = Release|Any CPU
		{9F7F61A3-009D-42A9-84A6-2E58D6D71BC2}.Release|Any CPU.Build.0 = Release|Any CPU
		{C8B9A2F0-5064-461F-9713-6119786C0A95}.Debug|Any CPU.ActiveCfg = Debug|Any CPU
		{C8B9A2F0-5064-461F-9713-6119786C0A95}.Debug|Any CPU.Build.0 = Debug|Any CPU
		{C8B9A2F0-5064-461F-9713-6119786C0A95}.Release|Any CPU.ActiveCfg = Release|Any CPU
		{C8B9A2F0-5064-461F-9713-6119786C0A95}.Release|Any CPU.Build.0 = Release|Any CPU
	EndGlobalSection
	GlobalSection(SolutionProperties) = preSolution
		HideSolutionNode = FALSE
	EndGlobalSection
	GlobalSection(ExtensibilityGlobals) = postSolution
		SolutionGuid = {CFE6DF03-5079-4051-9B40-CA8BC2460037}
	EndGlobalSection
EndGlobal
